// !$*UTF8*$!
{
	archiveVersion = 1;
	classes = {
	};
	objectVersion = 46;
	objects = {

/* Begin PBXBuildFile section */
		480AB7941F400EE500A1A945 /* GoogleMobileAds.framework in Frameworks */ = {isa = PBXBuildFile; fileRef = 480AB7931F400EE500A1A945 /* GoogleMobileAds.framework */; };
		480AB7971F400F8600A1A945 /* EventKit.framework in Frameworks */ = {isa = PBXBuildFile; fileRef = 480AB7961F400F8600A1A945 /* EventKit.framework */; };
		480AB7991F400F8C00A1A945 /* EventKitUI.framework in Frameworks */ = {isa = PBXBuildFile; fileRef = 480AB7981F400F8C00A1A945 /* EventKitUI.framework */; };
		480AB79B1F400F9F00A1A945 /* AVFoundation.framework in Frameworks */ = {isa = PBXBuildFile; fileRef = 480AB79A1F400F9F00A1A945 /* AVFoundation.framework */; };
		480AB79D1F400FA900A1A945 /* AdSupport.framework in Frameworks */ = {isa = PBXBuildFile; fileRef = 480AB79C1F400FA900A1A945 /* AdSupport.framework */; };
		480AB79F1F400FCD00A1A945 /* AudioToolbox.framework in Frameworks */ = {isa = PBXBuildFile; fileRef = 480AB79E1F400FCD00A1A945 /* AudioToolbox.framework */; };
		480AB7A11F400FDB00A1A945 /* CoreGraphics.framework in Frameworks */ = {isa = PBXBuildFile; fileRef = 480AB7A01F400FDB00A1A945 /* CoreGraphics.framework */; };
		480AB7A31F400FE500A1A945 /* CoreTelephony.framework in Frameworks */ = {isa = PBXBuildFile; fileRef = 480AB7A21F400FE500A1A945 /* CoreTelephony.framework */; };
		480AB7A51F400FEE00A1A945 /* CoreMedia.framework in Frameworks */ = {isa = PBXBuildFile; fileRef = 480AB7A41F400FEE00A1A945 /* CoreMedia.framework */; };
		480AB7A71F400FF800A1A945 /* MessageUI.framework in Frameworks */ = {isa = PBXBuildFile; fileRef = 480AB7A61F400FF800A1A945 /* MessageUI.framework */; };
		480AB7A91F40100100A1A945 /* StoreKit.framework in Frameworks */ = {isa = PBXBuildFile; fileRef = 480AB7A81F40100100A1A945 /* StoreKit.framework */; };
		480AB7AB1F40100A00A1A945 /* SystemConfiguration.framework in Frameworks */ = {isa = PBXBuildFile; fileRef = 480AB7AA1F40100A00A1A945 /* SystemConfiguration.framework */; };
		480AB7AD1F40102E00A1A945 /* MediaPlayer.framework in Frameworks */ = {isa = PBXBuildFile; fileRef = 480AB7AC1F40102E00A1A945 /* MediaPlayer.framework */; };
		48419A3E1F3E842D00719BBA /* main.m in Sources */ = {isa = PBXBuildFile; fileRef = 48419A3D1F3E842D00719BBA /* main.m */; };
		48419A411F3E842D00719BBA /* AppDelegate.m in Sources */ = {isa = PBXBuildFile; fileRef = 48419A401F3E842D00719BBA /* AppDelegate.m */; };
		48419A441F3E842D00719BBA /* ViewController.m in Sources */ = {isa = PBXBuildFile; fileRef = 48419A431F3E842D00719BBA /* ViewController.m */; };
		48419A471F3E842D00719BBA /* Main.storyboard in Resources */ = {isa = PBXBuildFile; fileRef = 48419A451F3E842D00719BBA /* Main.storyboard */; };
		48419A491F3E842D00719BBA /* Assets.xcassets in Resources */ = {isa = PBXBuildFile; fileRef = 48419A481F3E842D00719BBA /* Assets.xcassets */; };
		48419A4C1F3E842D00719BBA /* LaunchScreen.storyboard in Resources */ = {isa = PBXBuildFile; fileRef = 48419A4A1F3E842D00719BBA /* LaunchScreen.storyboard */; };
		48419A571F3E842D00719BBA /* Rando_ButtonTests.m in Sources */ = {isa = PBXBuildFile; fileRef = 48419A561F3E842D00719BBA /* Rando_ButtonTests.m */; };
		48419A621F3E842E00719BBA /* Rando_ButtonUITests.m in Sources */ = {isa = PBXBuildFile; fileRef = 48419A611F3E842E00719BBA /* Rando_ButtonUITests.m */; };
		48419A751F3EC8A800719BBA /* yo3.png in Resources */ = {isa = PBXBuildFile; fileRef = 48419A731F3EC8A800719BBA /* yo3.png */; };
		48419A761F3EC8A800719BBA /* yo2.png in Resources */ = {isa = PBXBuildFile; fileRef = 48419A741F3EC8A800719BBA /* yo2.png */; };
		48419A791F3ECACB00719BBA /* bg_tile.png in Resources */ = {isa = PBXBuildFile; fileRef = 48419A771F3ECACB00719BBA /* bg_tile.png */; };
		48419A7A1F3ECACB00719BBA /* bg_tile@2x.png in Resources */ = {isa = PBXBuildFile; fileRef = 48419A781F3ECACB00719BBA /* bg_tile@2x.png */; };
/* End PBXBuildFile section */

/* Begin PBXContainerItemProxy section */
		48419A531F3E842D00719BBA /* PBXContainerItemProxy */ = {
			isa = PBXContainerItemProxy;
			containerPortal = 48419A311F3E842D00719BBA /* Project object */;
			proxyType = 1;
			remoteGlobalIDString = 48419A381F3E842D00719BBA;
			remoteInfo = "Rando Button";
		};
		48419A5E1F3E842E00719BBA /* PBXContainerItemProxy */ = {
			isa = PBXContainerItemProxy;
			containerPortal = 48419A311F3E842D00719BBA /* Project object */;
			proxyType = 1;
			remoteGlobalIDString = 48419A381F3E842D00719BBA;
			remoteInfo = "Rando Button";
		};
/* End PBXContainerItemProxy section */

/* Begin PBXFileReference section */
		480AB7931F400EE500A1A945 /* GoogleMobileAds.framework */ = {isa = PBXFileReference; lastKnownFileType = wrapper.framework; path = GoogleMobileAds.framework; sourceTree = "<group>"; };
		480AB7961F400F8600A1A945 /* EventKit.framework */ = {isa = PBXFileReference; lastKnownFileType = wrapper.framework; name = EventKit.framework; path = System/Library/Frameworks/EventKit.framework; sourceTree = SDKROOT; };
		480AB7981F400F8C00A1A945 /* EventKitUI.framework */ = {isa = PBXFileReference; lastKnownFileType = wrapper.framework; name = EventKitUI.framework; path = System/Library/Frameworks/EventKitUI.framework; sourceTree = SDKROOT; };
		480AB79A1F400F9F00A1A945 /* AVFoundation.framework */ = {isa = PBXFileReference; lastKnownFileType = wrapper.framework; name = AVFoundation.framework; path = System/Library/Frameworks/AVFoundation.framework; sourceTree = SDKROOT; };
		480AB79C1F400FA900A1A945 /* AdSupport.framework */ = {isa = PBXFileReference; lastKnownFileType = wrapper.framework; name = AdSupport.framework; path = System/Library/Frameworks/AdSupport.framework; sourceTree = SDKROOT; };
		480AB79E1F400FCD00A1A945 /* AudioToolbox.framework */ = {isa = PBXFileReference; lastKnownFileType = wrapper.framework; name = AudioToolbox.framework; path = System/Library/Frameworks/AudioToolbox.framework; sourceTree = SDKROOT; };
		480AB7A01F400FDB00A1A945 /* CoreGraphics.framework */ = {isa = PBXFileReference; lastKnownFileType = wrapper.framework; name = CoreGraphics.framework; path = System/Library/Frameworks/CoreGraphics.framework; sourceTree = SDKROOT; };
		480AB7A21F400FE500A1A945 /* CoreTelephony.framework */ = {isa = PBXFileReference; lastKnownFileType = wrapper.framework; name = CoreTelephony.framework; path = System/Library/Frameworks/CoreTelephony.framework; sourceTree = SDKROOT; };
		480AB7A41F400FEE00A1A945 /* CoreMedia.framework */ = {isa = PBXFileReference; lastKnownFileType = wrapper.framework; name = CoreMedia.framework; path = System/Library/Frameworks/CoreMedia.framework; sourceTree = SDKROOT; };
		480AB7A61F400FF800A1A945 /* MessageUI.framework */ = {isa = PBXFileReference; lastKnownFileType = wrapper.framework; name = MessageUI.framework; path = System/Library/Frameworks/MessageUI.framework; sourceTree = SDKROOT; };
		480AB7A81F40100100A1A945 /* StoreKit.framework */ = {isa = PBXFileReference; lastKnownFileType = wrapper.framework; name = StoreKit.framework; path = System/Library/Frameworks/StoreKit.framework; sourceTree = SDKROOT; };
		480AB7AA1F40100A00A1A945 /* SystemConfiguration.framework */ = {isa = PBXFileReference; lastKnownFileType = wrapper.framework; name = SystemConfiguration.framework; path = System/Library/Frameworks/SystemConfiguration.framework; sourceTree = SDKROOT; };
		480AB7AC1F40102E00A1A945 /* MediaPlayer.framework */ = {isa = PBXFileReference; lastKnownFileType = wrapper.framework; name = MediaPlayer.framework; path = System/Library/Frameworks/MediaPlayer.framework; sourceTree = SDKROOT; };
		48419A391F3E842D00719BBA /* Rando Button.app */ = {isa = PBXFileReference; explicitFileType = wrapper.application; includeInIndex = 0; path = "Rando Button.app"; sourceTree = BUILT_PRODUCTS_DIR; };
		48419A3D1F3E842D00719BBA /* main.m */ = {isa = PBXFileReference; lastKnownFileType = sourcecode.c.objc; path = main.m; sourceTree = "<group>"; };
		48419A3F1F3E842D00719BBA /* AppDelegate.h */ = {isa = PBXFileReference; lastKnownFileType = sourcecode.c.h; path = AppDelegate.h; sourceTree = "<group>"; };
		48419A401F3E842D00719BBA /* AppDelegate.m */ = {isa = PBXFileReference; lastKnownFileType = sourcecode.c.objc; path = AppDelegate.m; sourceTree = "<group>"; };
		48419A421F3E842D00719BBA /* ViewController.h */ = {isa = PBXFileReference; lastKnownFileType = sourcecode.c.h; path = ViewController.h; sourceTree = "<group>"; };
		48419A431F3E842D00719BBA /* ViewController.m */ = {isa = PBXFileReference; lastKnownFileType = sourcecode.c.objc; path = ViewController.m; sourceTree = "<group>"; };
		48419A461F3E842D00719BBA /* Base */ = {isa = PBXFileReference; lastKnownFileType = file.storyboard; name = Base; path = Base.lproj/Main.storyboard; sourceTree = "<group>"; };
		48419A481F3E842D00719BBA /* Assets.xcassets */ = {isa = PBXFileReference; lastKnownFileType = folder.assetcatalog; path = Assets.xcassets; sourceTree = "<group>"; };
		48419A4B1F3E842D00719BBA /* Base */ = {isa = PBXFileReference; lastKnownFileType = file.storyboard; name = Base; path = Base.lproj/LaunchScreen.storyboard; sourceTree = "<group>"; };
		48419A4D1F3E842D00719BBA /* Info.plist */ = {isa = PBXFileReference; lastKnownFileType = text.plist.xml; path = Info.plist; sourceTree = "<group>"; };
		48419A521F3E842D00719BBA /* Rando ButtonTests.xctest */ = {isa = PBXFileReference; explicitFileType = wrapper.cfbundle; includeInIndex = 0; path = "Rando ButtonTests.xctest"; sourceTree = BUILT_PRODUCTS_DIR; };
		48419A561F3E842D00719BBA /* Rando_ButtonTests.m */ = {isa = PBXFileReference; lastKnownFileType = sourcecode.c.objc; path = Rando_ButtonTests.m; sourceTree = "<group>"; };
		48419A581F3E842E00719BBA /* Info.plist */ = {isa = PBXFileReference; lastKnownFileType = text.plist.xml; path = Info.plist; sourceTree = "<group>"; };
		48419A5D1F3E842E00719BBA /* Rando ButtonUITests.xctest */ = {isa = PBXFileReference; explicitFileType = wrapper.cfbundle; includeInIndex = 0; path = "Rando ButtonUITests.xctest"; sourceTree = BUILT_PRODUCTS_DIR; };
		48419A611F3E842E00719BBA /* Rando_ButtonUITests.m */ = {isa = PBXFileReference; lastKnownFileType = sourcecode.c.objc; path = Rando_ButtonUITests.m; sourceTree = "<group>"; };
		48419A631F3E842E00719BBA /* Info.plist */ = {isa = PBXFileReference; lastKnownFileType = text.plist.xml; path = Info.plist; sourceTree = "<group>"; };
		48419A731F3EC8A800719BBA /* yo3.png */ = {isa = PBXFileReference; lastKnownFileType = image.png; path = yo3.png; sourceTree = "<group>"; };
		48419A741F3EC8A800719BBA /* yo2.png */ = {isa = PBXFileReference; lastKnownFileType = image.png; path = yo2.png; sourceTree = "<group>"; };
		48419A771F3ECACB00719BBA /* bg_tile.png */ = {isa = PBXFileReference; lastKnownFileType = image.png; path = bg_tile.png; sourceTree = "<group>"; };
		48419A781F3ECACB00719BBA /* bg_tile@2x.png */ = {isa = PBXFileReference; lastKnownFileType = image.png; path = "bg_tile@2x.png"; sourceTree = "<group>"; };
/* End PBXFileReference section */

/* Begin PBXFrameworksBuildPhase section */
		48419A361F3E842D00719BBA /* Frameworks */ = {
			isa = PBXFrameworksBuildPhase;
			buildActionMask = 2147483647;
			files = (
				480AB7AD1F40102E00A1A945 /* MediaPlayer.framework in Frameworks */,
				480AB7AB1F40100A00A1A945 /* SystemConfiguration.framework in Frameworks */,
				480AB7A91F40100100A1A945 /* StoreKit.framework in Frameworks */,
				480AB7A71F400FF800A1A945 /* MessageUI.framework in Frameworks */,
				480AB7A51F400FEE00A1A945 /* CoreMedia.framework in Frameworks */,
				480AB7A31F400FE500A1A945 /* CoreTelephony.framework in Frameworks */,
				480AB7A11F400FDB00A1A945 /* CoreGraphics.framework in Frameworks */,
				480AB79F1F400FCD00A1A945 /* AudioToolbox.framework in Frameworks */,
				480AB79D1F400FA900A1A945 /* AdSupport.framework in Frameworks */,
				480AB79B1F400F9F00A1A945 /* AVFoundation.framework in Frameworks */,
				480AB7991F400F8C00A1A945 /* EventKitUI.framework in Frameworks */,
				480AB7971F400F8600A1A945 /* EventKit.framework in Frameworks */,
				480AB7941F400EE500A1A945 /* GoogleMobileAds.framework in Frameworks */,
			);
			runOnlyForDeploymentPostprocessing = 0;
		};
		48419A4F1F3E842D00719BBA /* Frameworks */ = {
			isa = PBXFrameworksBuildPhase;
			buildActionMask = 2147483647;
			files = (
			);
			runOnlyForDeploymentPostprocessing = 0;
		};
		48419A5A1F3E842E00719BBA /* Frameworks */ = {
			isa = PBXFrameworksBuildPhase;
			buildActionMask = 2147483647;
			files = (
			);
			runOnlyForDeploymentPostprocessing = 0;
		};
/* End PBXFrameworksBuildPhase section */

/* Begin PBXGroup section */
		480AB7951F400F8600A1A945 /* Frameworks */ = {
			isa = PBXGroup;
			children = (
				480AB7AC1F40102E00A1A945 /* MediaPlayer.framework */,
				480AB7AA1F40100A00A1A945 /* SystemConfiguration.framework */,
				480AB7A81F40100100A1A945 /* StoreKit.framework */,
				480AB7A61F400FF800A1A945 /* MessageUI.framework */,
				480AB7A41F400FEE00A1A945 /* CoreMedia.framework */,
				480AB7A21F400FE500A1A945 /* CoreTelephony.framework */,
				480AB7A01F400FDB00A1A945 /* CoreGraphics.framework */,
				480AB79E1F400FCD00A1A945 /* AudioToolbox.framework */,
				480AB79C1F400FA900A1A945 /* AdSupport.framework */,
				480AB79A1F400F9F00A1A945 /* AVFoundation.framework */,
				480AB7981F400F8C00A1A945 /* EventKitUI.framework */,
				480AB7961F400F8600A1A945 /* EventKit.framework */,
			);
			name = Frameworks;
			sourceTree = "<group>";
		};
		48419A301F3E842D00719BBA = {
			isa = PBXGroup;
			children = (
				48419A3B1F3E842D00719BBA /* Rando Button */,
				48419A551F3E842D00719BBA /* Rando ButtonTests */,
				48419A601F3E842E00719BBA /* Rando ButtonUITests */,
				48419A3A1F3E842D00719BBA /* Products */,
				480AB7951F400F8600A1A945 /* Frameworks */,
			);
			sourceTree = "<group>";
		};
		48419A3A1F3E842D00719BBA /* Products */ = {
			isa = PBXGroup;
			children = (
				48419A391F3E842D00719BBA /* Rando Button.app */,
				48419A521F3E842D00719BBA /* Rando ButtonTests.xctest */,
				48419A5D1F3E842E00719BBA /* Rando ButtonUITests.xctest */,
			);
			name = Products;
			sourceTree = "<group>";
		};
		48419A3B1F3E842D00719BBA /* Rando Button */ = {
			isa = PBXGroup;
			children = (
				480AB7931F400EE500A1A945 /* GoogleMobileAds.framework */,
				48419A3F1F3E842D00719BBA /* AppDelegate.h */,
				48419A401F3E842D00719BBA /* AppDelegate.m */,
				48419A421F3E842D00719BBA /* ViewController.h */,
				48419A431F3E842D00719BBA /* ViewController.m */,
				48419A451F3E842D00719BBA /* Main.storyboard */,
				48419A481F3E842D00719BBA /* Assets.xcassets */,
				48419A4A1F3E842D00719BBA /* LaunchScreen.storyboard */,
				48419A4D1F3E842D00719BBA /* Info.plist */,
				48419A3C1F3E842D00719BBA /* Supporting Files */,
			);
			path = "Rando Button";
			sourceTree = "<group>";
		};
		48419A3C1F3E842D00719BBA /* Supporting Files */ = {
			isa = PBXGroup;
			children = (
				48419A771F3ECACB00719BBA /* bg_tile.png */,
				48419A781F3ECACB00719BBA /* bg_tile@2x.png */,
				48419A731F3EC8A800719BBA /* yo3.png */,
				48419A741F3EC8A800719BBA /* yo2.png */,
				48419A3D1F3E842D00719BBA /* main.m */,
			);
			name = "Supporting Files";
			sourceTree = "<group>";
		};
		48419A551F3E842D00719BBA /* Rando ButtonTests */ = {
			isa = PBXGroup;
			children = (
				48419A561F3E842D00719BBA /* Rando_ButtonTests.m */,
				48419A581F3E842E00719BBA /* Info.plist */,
			);
			path = "Rando ButtonTests";
			sourceTree = "<group>";
		};
		48419A601F3E842E00719BBA /* Rando ButtonUITests */ = {
			isa = PBXGroup;
			children = (
				48419A611F3E842E00719BBA /* Rando_ButtonUITests.m */,
				48419A631F3E842E00719BBA /* Info.plist */,
			);
			path = "Rando ButtonUITests";
			sourceTree = "<group>";
		};
/* End PBXGroup section */

/* Begin PBXNativeTarget section */
		48419A381F3E842D00719BBA /* Rando Button */ = {
			isa = PBXNativeTarget;
			buildConfigurationList = 48419A661F3E842E00719BBA /* Build configuration list for PBXNativeTarget "Rando Button" */;
			buildPhases = (
				48419A351F3E842D00719BBA /* Sources */,
				48419A361F3E842D00719BBA /* Frameworks */,
				48419A371F3E842D00719BBA /* Resources */,
			);
			buildRules = (
			);
			dependencies = (
			);
			name = "Rando Button";
			productName = "Rando Button";
			productReference = 48419A391F3E842D00719BBA /* Rando Button.app */;
			productType = "com.apple.product-type.application";
		};
		48419A511F3E842D00719BBA /* Rando ButtonTests */ = {
			isa = PBXNativeTarget;
			buildConfigurationList = 48419A691F3E842E00719BBA /* Build configuration list for PBXNativeTarget "Rando ButtonTests" */;
			buildPhases = (
				48419A4E1F3E842D00719BBA /* Sources */,
				48419A4F1F3E842D00719BBA /* Frameworks */,
				48419A501F3E842D00719BBA /* Resources */,
			);
			buildRules = (
			);
			dependencies = (
				48419A541F3E842D00719BBA /* PBXTargetDependency */,
			);
			name = "Rando ButtonTests";
			productName = "Rando ButtonTests";
			productReference = 48419A521F3E842D00719BBA /* Rando ButtonTests.xctest */;
			productType = "com.apple.product-type.bundle.unit-test";
		};
		48419A5C1F3E842E00719BBA /* Rando ButtonUITests */ = {
			isa = PBXNativeTarget;
			buildConfigurationList = 48419A6C1F3E842E00719BBA /* Build configuration list for PBXNativeTarget "Rando ButtonUITests" */;
			buildPhases = (
				48419A591F3E842E00719BBA /* Sources */,
				48419A5A1F3E842E00719BBA /* Frameworks */,
				48419A5B1F3E842E00719BBA /* Resources */,
			);
			buildRules = (
			);
			dependencies = (
				48419A5F1F3E842E00719BBA /* PBXTargetDependency */,
			);
			name = "Rando ButtonUITests";
			productName = "Rando ButtonUITests";
			productReference = 48419A5D1F3E842E00719BBA /* Rando ButtonUITests.xctest */;
			productType = "com.apple.product-type.bundle.ui-testing";
		};
/* End PBXNativeTarget section */

/* Begin PBXProject section */
		48419A311F3E842D00719BBA /* Project object */ = {
			isa = PBXProject;
			attributes = {
				LastUpgradeCheck = 0800;
				ORGANIZATIONNAME = "Aditya Srivastava";
				TargetAttributes = {
					48419A381F3E842D00719BBA = {
						CreatedOnToolsVersion = 8.0;
						ProvisioningStyle = Automatic;
					};
					48419A511F3E842D00719BBA = {
						CreatedOnToolsVersion = 8.0;
						ProvisioningStyle = Automatic;
						TestTargetID = 48419A381F3E842D00719BBA;
					};
					48419A5C1F3E842E00719BBA = {
						CreatedOnToolsVersion = 8.0;
						ProvisioningStyle = Automatic;
						TestTargetID = 48419A381F3E842D00719BBA;
					};
				};
			};
			buildConfigurationList = 48419A341F3E842D00719BBA /* Build configuration list for PBXProject "Rando Button" */;
			compatibilityVersion = "Xcode 3.2";
			developmentRegion = English;
			hasScannedForEncodings = 0;
			knownRegions = (
				en,
				Base,
			);
			mainGroup = 48419A301F3E842D00719BBA;
			productRefGroup = 48419A3A1F3E842D00719BBA /* Products */;
			projectDirPath = "";
			projectRoot = "";
			targets = (
				48419A381F3E842D00719BBA /* Rando Button */,
				48419A511F3E842D00719BBA /* Rando ButtonTests */,
				48419A5C1F3E842E00719BBA /* Rando ButtonUITests */,
			);
		};
/* End PBXProject section */

/* Begin PBXResourcesBuildPhase section */
		48419A371F3E842D00719BBA /* Resources */ = {
			isa = PBXResourcesBuildPhase;
			buildActionMask = 2147483647;
			files = (
				48419A761F3EC8A800719BBA /* yo2.png in Resources */,
				48419A4C1F3E842D00719BBA /* LaunchScreen.storyboard in Resources */,
				48419A791F3ECACB00719BBA /* bg_tile.png in Resources */,
				48419A751F3EC8A800719BBA /* yo3.png in Resources */,
				48419A491F3E842D00719BBA /* Assets.xcassets in Resources */,
				48419A7A1F3ECACB00719BBA /* bg_tile@2x.png in Resources */,
				48419A471F3E842D00719BBA /* Main.storyboard in Resources */,
			);
			runOnlyForDeploymentPostprocessing = 0;
		};
		48419A501F3E842D00719BBA /* Resources */ = {
			isa = PBXResourcesBuildPhase;
			buildActionMask = 2147483647;
			files = (
			);
			runOnlyForDeploymentPostprocessing = 0;
		};
		48419A5B1F3E842E00719BBA /* Resources */ = {
			isa = PBXResourcesBuildPhase;
			buildActionMask = 2147483647;
			files = (
			);
			runOnlyForDeploymentPostprocessing = 0;
		};
/* End PBXResourcesBuildPhase section */

/* Begin PBXSourcesBuildPhase section */
		48419A351F3E842D00719BBA /* Sources */ = {
			isa = PBXSourcesBuildPhase;
			buildActionMask = 2147483647;
			files = (
				48419A441F3E842D00719BBA /* ViewController.m in Sources */,
				48419A411F3E842D00719BBA /* AppDelegate.m in Sources */,
				48419A3E1F3E842D00719BBA /* main.m in Sources */,
			);
			runOnlyForDeploymentPostprocessing = 0;
		};
		48419A4E1F3E842D00719BBA /* Sources */ = {
			isa = PBXSourcesBuildPhase;
			buildActionMask = 2147483647;
			files = (
				48419A571F3E842D00719BBA /* Rando_ButtonTests.m in Sources */,
			);
			runOnlyForDeploymentPostprocessing = 0;
		};
		48419A591F3E842E00719BBA /* Sources */ = {
			isa = PBXSourcesBuildPhase;
			buildActionMask = 2147483647;
			files = (
				48419A621F3E842E00719BBA /* Rando_ButtonUITests.m in Sources */,
			);
			runOnlyForDeploymentPostprocessing = 0;
		};
/* End PBXSourcesBuildPhase section */

/* Begin PBXTargetDependency section */
		48419A541F3E842D00719BBA /* PBXTargetDependency */ = {
			isa = PBXTargetDependency;
			target = 48419A381F3E842D00719BBA /* Rando Button */;
			targetProxy = 48419A531F3E842D00719BBA /* PBXContainerItemProxy */;
		};
		48419A5F1F3E842E00719BBA /* PBXTargetDependency */ = {
			isa = PBXTargetDependency;
			target = 48419A381F3E842D00719BBA /* Rando Button */;
			targetProxy = 48419A5E1F3E842E00719BBA /* PBXContainerItemProxy */;
		};
/* End PBXTargetDependency section */

/* Begin PBXVariantGroup section */
		48419A451F3E842D00719BBA /* Main.storyboard */ = {
			isa = PBXVariantGroup;
			children = (
				48419A461F3E842D00719BBA /* Base */,
			);
			name = Main.storyboard;
			sourceTree = "<group>";
		};
		48419A4A1F3E842D00719BBA /* LaunchScreen.storyboard */ = {
			isa = PBXVariantGroup;
			children = (
				48419A4B1F3E842D00719BBA /* Base */,
			);
			name = LaunchScreen.storyboard;
			sourceTree = "<group>";
		};
/* End PBXVariantGroup section */

/* Begin XCBuildConfiguration section */
		48419A641F3E842E00719BBA /* Debug */ = {
			isa = XCBuildConfiguration;
			buildSettings = {
				ALWAYS_SEARCH_USER_PATHS = NO;
				CLANG_ANALYZER_NONNULL = YES;
				CLANG_CXX_LANGUAGE_STANDARD = "gnu++0x";
				CLANG_CXX_LIBRARY = "libc++";
				CLANG_ENABLE_MODULES = YES;
				CLANG_ENABLE_OBJC_ARC = YES;
				CLANG_WARN_BOOL_CONVERSION = YES;
				CLANG_WARN_CONSTANT_CONVERSION = YES;
				CLANG_WARN_DIRECT_OBJC_ISA_USAGE = YES_ERROR;
				CLANG_WARN_DOCUMENTATION_COMMENTS = YES;
				CLANG_WARN_EMPTY_BODY = YES;
				CLANG_WARN_ENUM_CONVERSION = YES;
				CLANG_WARN_INFINITE_RECURSION = YES;
				CLANG_WARN_INT_CONVERSION = YES;
				CLANG_WARN_OBJC_ROOT_CLASS = YES_ERROR;
				CLANG_WARN_SUSPICIOUS_MOVES = YES;
				CLANG_WARN_UNREACHABLE_CODE = YES;
				CLANG_WARN__DUPLICATE_METHOD_MATCH = YES;
				"CODE_SIGN_IDENTITY[sdk=iphoneos*]" = "iPhone Developer";
				COPY_PHASE_STRIP = NO;
				DEBUG_INFORMATION_FORMAT = dwarf;
				ENABLE_STRICT_OBJC_MSGSEND = YES;
				ENABLE_TESTABILITY = YES;
				GCC_C_LANGUAGE_STANDARD = gnu99;
				GCC_DYNAMIC_NO_PIC = NO;
				GCC_NO_COMMON_BLOCKS = YES;
				GCC_OPTIMIZATION_LEVEL = 0;
				GCC_PREPROCESSOR_DEFINITIONS = (
					"DEBUG=1",
					"$(inherited)",
				);
				GCC_WARN_64_TO_32_BIT_CONVERSION = YES;
				GCC_WARN_ABOUT_RETURN_TYPE = YES_ERROR;
				GCC_WARN_UNDECLARED_SELECTOR = YES;
				GCC_WARN_UNINITIALIZED_AUTOS = YES_AGGRESSIVE;
				GCC_WARN_UNUSED_FUNCTION = YES;
				GCC_WARN_UNUSED_VARIABLE = YES;
				IPHONEOS_DEPLOYMENT_TARGET = 10.0;
				MTL_ENABLE_DEBUG_INFO = YES;
				ONLY_ACTIVE_ARCH = YES;
				SDKROOT = iphoneos;
				TARGETED_DEVICE_FAMILY = "1,2";
			};
			name = Debug;
		};
		48419A651F3E842E00719BBA /* Release */ = {
			isa = XCBuildConfiguration;
			buildSettings = {
				ALWAYS_SEARCH_USER_PATHS = NO;
				CLANG_ANALYZER_NONNULL = YES;
				CLANG_CXX_LANGUAGE_STANDARD = "gnu++0x";
				CLANG_CXX_LIBRARY = "libc++";
				CLANG_ENABLE_MODULES = YES;
				CLANG_ENABLE_OBJC_ARC = YES;
				CLANG_WARN_BOOL_CONVERSION = YES;
				CLANG_WARN_CONSTANT_CONVERSION = YES;
				CLANG_WARN_DIRECT_OBJC_ISA_USAGE = YES_ERROR;
				CLANG_WARN_DOCUMENTATION_COMMENTS = YES;
				CLANG_WARN_EMPTY_BODY = YES;
				CLANG_WARN_ENUM_CONVERSION = YES;
				CLANG_WARN_INFINITE_RECURSION = YES;
				CLANG_WARN_INT_CONVERSION = YES;
				CLANG_WARN_OBJC_ROOT_CLASS = YES_ERROR;
				CLANG_WARN_SUSPICIOUS_MOVES = YES;
				CLANG_WARN_UNREACHABLE_CODE = YES;
				CLANG_WARN__DUPLICATE_METHOD_MATCH = YES;
				"CODE_SIGN_IDENTITY[sdk=iphoneos*]" = "iPhone Developer";
				COPY_PHASE_STRIP = NO;
				DEBUG_INFORMATION_FORMAT = "dwarf-with-dsym";
				ENABLE_NS_ASSERTIONS = NO;
				ENABLE_STRICT_OBJC_MSGSEND = YES;
				GCC_C_LANGUAGE_STANDARD = gnu99;
				GCC_NO_COMMON_BLOCKS = YES;
				GCC_WARN_64_TO_32_BIT_CONVERSION = YES;
				GCC_WARN_ABOUT_RETURN_TYPE = YES_ERROR;
				GCC_WARN_UNDECLARED_SELECTOR = YES;
				GCC_WARN_UNINITIALIZED_AUTOS = YES_AGGRESSIVE;
				GCC_WARN_UNUSED_FUNCTION = YES;
				GCC_WARN_UNUSED_VARIABLE = YES;
				IPHONEOS_DEPLOYMENT_TARGET = 10.0;
				MTL_ENABLE_DEBUG_INFO = NO;
				SDKROOT = iphoneos;
				TARGETED_DEVICE_FAMILY = "1,2";
				VALIDATE_PRODUCT = YES;
			};
			name = Release;
		};
		48419A671F3E842E00719BBA /* Debug */ = {
			isa = XCBuildConfiguration;
			buildSettings = {
				ASSETCATALOG_COMPILER_APPICON_NAME = AppIcon;
				FRAMEWORK_SEARCH_PATHS = (
					"$(inherited)",
					"$(PROJECT_DIR)/Rando\\ Button",
				);
				INFOPLIST_FILE = "Rando Button/Info.plist";
				LD_RUNPATH_SEARCH_PATHS = "$(inherited) @executable_path/Frameworks";
				PRODUCT_BUNDLE_IDENTIFIER = "com.adityasrivastava.Rando-Button";
				PRODUCT_NAME = "$(TARGET_NAME)";
			};
			name = Debug;
		};
		48419A681F3E842E00719BBA /* Release */ = {
			isa = XCBuildConfiguration;
			buildSettings = {
				ASSETCATALOG_COMPILER_APPICON_NAME = AppIcon;
				FRAMEWORK_SEARCH_PATHS = (
					"$(inherited)",
					"$(PROJECT_DIR)/Rando\\ Button",
				);
				INFOPLIST_FILE = "Rando Button/Info.plist";
				LD_RUNPATH_SEARCH_PATHS = "$(inherited) @executable_path/Frameworks";
				PRODUCT_BUNDLE_IDENTIFIER = "com.adityasrivastava.Rando-Button";
				PRODUCT_NAME = "$(TARGET_NAME)";
			};
			name = Release;
		};
		48419A6A1F3E842E00719BBA /* Debug */ = {
			isa = XCBuildConfiguration;
			buildSettings = {
				BUNDLE_LOADER = "$(TEST_HOST)";
				INFOPLIST_FILE = "Rando ButtonTests/Info.plist";
				LD_RUNPATH_SEARCH_PATHS = "$(inherited) @executable_path/Frameworks @loader_path/Frameworks";
				PRODUCT_BUNDLE_IDENTIFIER = "com.adityasrivastava.Rando-ButtonTests";
				PRODUCT_NAME = "$(TARGET_NAME)";
				TEST_HOST = "$(BUILT_PRODUCTS_DIR)/Rando Button.app/Rando Button";
			};
			name = Debug;
		};
		48419A6B1F3E842E00719BBA /* Release */ = {
			isa = XCBuildConfiguration;
			buildSettings = {
				BUNDLE_LOADER = "$(TEST_HOST)";
				INFOPLIST_FILE = "Rando ButtonTests/Info.plist";
				LD_RUNPATH_SEARCH_PATHS = "$(inherited) @executable_path/Frameworks @loader_path/Frameworks";
				PRODUCT_BUNDLE_IDENTIFIER = "com.adityasrivastava.Rando-ButtonTests";
				PRODUCT_NAME = "$(TARGET_NAME)";
				TEST_HOST = "$(BUILT_PRODUCTS_DIR)/Rando Button.app/Rando Button";
			};
			name = Release;
		};
		48419A6D1F3E842E00719BBA /* Debug */ = {
			isa = XCBuildConfiguration;
			buildSettings = {
				INFOPLIST_FILE = "Rando ButtonUITests/Info.plist";
				LD_RUNPATH_SEARCH_PATHS = "$(inherited) @executable_path/Frameworks @loader_path/Frameworks";
				PRODUCT_BUNDLE_IDENTIFIER = "com.adityasrivastava.Rando-ButtonUITests";
				PRODUCT_NAME = "$(TARGET_NAME)";
				TEST_TARGET_NAME = "Rando Button";
			};
			name = Debug;
		};
		48419A6E1F3E842E00719BBA /* Release */ = {
			isa = XCBuildConfiguration;
			buildSettings = {
				INFOPLIST_FILE = "Rando ButtonUITests/Info.plist";
				LD_RUNPATH_SEARCH_PATHS = "$(inherited) @executable_path/Frameworks @loader_path/Frameworks";
				PRODUCT_BUNDLE_IDENTIFIER = "com.adityasrivastava.Rando-ButtonUITests";
				PRODUCT_NAME = "$(TARGET_NAME)";
				TEST_TARGET_NAME = "Rando Button";
			};
			name = Release;
		};
/* End XCBuildConfiguration section */

/* Begin XCConfigurationList section */
		48419A341F3E842D00719BBA /* Build configuration list for PBXProject "Rando Button" */ = {
			isa = XCConfigurationList;
			buildConfigurations = (
				48419A641F3E842E00719BBA /* Debug */,
				48419A651F3E842E00719BBA /* Release */,
			);
			defaultConfigurationIsVisible = 0;
			defaultConfigurationName = Release;
		};
		48419A661F3E842E00719BBA /* Build configuration list for PBXNativeTarget "Rando Button" */ = {
			isa = XCConfigurationList;
			buildConfigurations = (
				48419A671F3E842E00719BBA /* Debug */,
				48419A681F3E842E00719BBA /* Release */,
			);
			defaultConfigurationIsVisible = 0;
			defaultConfigurationName = Release;
		};
		48419A691F3E842E00719BBA /* Build configuration list for PBXNativeTarget "Rando ButtonTests" */ = {
			isa = XCConfigurationList;
			buildConfigurations = (
				48419A6A1F3E842E00719BBA /* Debug */,
				48419A6B1F3E842E00719BBA /* Release */,
			);
			defaultConfigurationIsVisible = 0;
			defaultConfigurationName = Release;
		};
		48419A6C1F3E842E00719BBA /* Build configuration list for PBXNativeTarget "Rando ButtonUITests" */ = {
			isa = XCConfigurationList;
			buildConfigurations = (
				48419A6D1F3E842E00719BBA /* Debug */,
				48419A6E1F3E842E00719BBA /* Release */,
			);
			defaultConfigurationIsVisible = 0;
			defaultConfigurationName = Release;
		};
/* End XCConfigurationList section */
	};
	rootObject = 48419A311F3E842D00719BBA /* Project object */;
}
